
Microsoft Visual Studio Solution File, Format Version 12.00
# Visual Studio Version 16
VisualStudioVersion = 16.0.30626.31
MinimumVisualStudioVersion = 10.0.40219.1
Project("{9A19103F-16F7-4668-BE54-9A1E7A4F7556}") = "Timetable Optimisation Recommendations", "Timetable Optimisation Recommendations\Timetable Optimisation Recommendations.csproj", "{7FFF1AC1-79B6-4903-AEA7-713D5A302AB2}"
EndProject
Project("{9A19103F-16F7-4668-BE54-9A1E7A4F7556}") = "ReadingBuses API Tests", "ReadingBuses API Tests\ReadingBuses API Tests.csproj", "{33367DF5-0147-483E-957F-DD24FD907D2B}"
EndProject
Project("{9A19103F-16F7-4668-BE54-9A1E7A4F7556}") = "ReadingBusesAPI", "ReadingBusesAPI\ReadingBusesAPI.csproj", "{F8917789-8055-494F-9468-2A5E751B2689}"
EndProject
Project("{FAE04EC0-301F-11D3-BF4B-00C04F79EFBC}") = "TOR Tests", "TOR Tests\TOR Tests.csproj", "{43E1A80E-AFA0-473A-B1B0-6AE8B708395C}"
EndProject
Global
	GlobalSection(SolutionConfigurationPlatforms) = preSolution
		Debug|Any CPU = Debug|Any CPU
		Release|Any CPU = Release|Any CPU
		Release-3.1|Any CPU = Release-3.1|Any CPU
	EndGlobalSection
	GlobalSection(ProjectConfigurationPlatforms) = postSolution
		{7FFF1AC1-79B6-4903-AEA7-713D5A302AB2}.Debug|Any CPU.ActiveCfg = Debug|Any CPU
		{7FFF1AC1-79B6-4903-AEA7-713D5A302AB2}.Debug|Any CPU.Build.0 = Debug|Any CPU
		{7FFF1AC1-79B6-4903-AEA7-713D5A302AB2}.Release|Any CPU.ActiveCfg = Release|Any CPU
		{7FFF1AC1-79B6-4903-AEA7-713D5A302AB2}.Release|Any CPU.Build.0 = Release|Any CPU
		{7FFF1AC1-79B6-4903-AEA7-713D5A302AB2}.Release-3.1|Any CPU.ActiveCfg = Release|Any CPU
		{7FFF1AC1-79B6-4903-AEA7-713D5A302AB2}.Release-3.1|Any CPU.Build.0 = Release|Any CPU
		{33367DF5-0147-483E-957F-DD24FD907D2B}.Debug|Any CPU.ActiveCfg = Debug|Any CPU
		{33367DF5-0147-483E-957F-DD24FD907D2B}.Debug|Any CPU.Build.0 = Debug|Any CPU
		{33367DF5-0147-483E-957F-DD24FD907D2B}.Release|Any CPU.ActiveCfg = Release|Any CPU
		{33367DF5-0147-483E-957F-DD24FD907D2B}.Release|Any CPU.Build.0 = Release|Any CPU
		{33367DF5-0147-483E-957F-DD24FD907D2B}.Release-3.1|Any CPU.ActiveCfg = Release-3.1|Any CPU
		{33367DF5-0147-483E-957F-DD24FD907D2B}.Release-3.1|Any CPU.Build.0 = Release-3.1|Any CPU
		{F8917789-8055-494F-9468-2A5E751B2689}.Debug|Any CPU.ActiveCfg = Debug|Any CPU
		{F8917789-8055-494F-9468-2A5E751B2689}.Debug|Any CPU.Build.0 = Debug|Any CPU
		{F8917789-8055-494F-9468-2A5E751B2689}.Release|Any CPU.ActiveCfg = Release|Any CPU
		{F8917789-8055-494F-9468-2A5E751B2689}.Release|Any CPU.Build.0 = Release|Any CPU
		{F8917789-8055-494F-9468-2A5E751B2689}.Release-3.1|Any CPU.ActiveCfg = Release|Any CPU
		{F8917789-8055-494F-9468-2A5E751B2689}.Release-3.1|Any CPU.Build.0 = Release|Any CPU
		{43E1A80E-AFA0-473A-B1B0-6AE8B708395C}.Debug|Any CPU.ActiveCfg = Debug|Any CPU
		{43E1A80E-AFA0-473A-B1B0-6AE8B708395C}.Debug|Any CPU.Build.0 = Debug|Any CPU
		{43E1A80E-AFA0-473A-B1B0-6AE8B708395C}.Release|Any CPU.ActiveCfg = Release|Any CPU
		{43E1A80E-AFA0-473A-B1B0-6AE8B708395C}.Release|Any CPU.Build.0 = Release|Any CPU
		{43E1A80E-AFA0-473A-B1B0-6AE8B708395C}.Release-3.1|Any CPU.ActiveCfg = Release|Any CPU
		{43E1A80E-AFA0-473A-B1B0-6AE8B708395C}.Release-3.1|Any CPU.Build.0 = Release|Any CPU
	EndGlobalSection
	GlobalSection(SolutionProperties) = preSolution
		HideSolutionNode = FALSE
	EndGlobalSection
	GlobalSection(ExtensibilityGlobals) = postSolution
		SolutionGuid = {67BE1EDD-57E8-4328-B6C5-1F9B7822394E}
	EndGlobalSection
EndGlobal
